
Microsoft Visual Studio Solution File, Format Version 12.00
# Visual Studio Version 17
VisualStudioVersion = 17.8.34330.188
MinimumVisualStudioVersion = 10.0.40219.1
Project("{FAE04EC0-301F-11D3-BF4B-00C04F79EFBC}") = "Kalkulacka", "Kalkulacka\Kalkulacka.csproj", "{FD356CB0-F741-4123-B2F7-E192550C7F90}"
EndProject
Global
	GlobalSection(SolutionConfigurationPlatforms) = preSolution
		Debug|Any CPU = Debug|Any CPU
		Release|Any CPU = Release|Any CPU
	EndGlobalSection
	GlobalSection(ProjectConfigurationPlatforms) = postSolution
		{FD356CB0-F741-4123-B2F7-E192550C7F90}.Debug|Any CPU.ActiveCfg = Debug|Any CPU
		{FD356CB0-F741-4123-B2F7-E192550C7F90}.Debug|Any CPU.Build.0 = Debug|Any CPU
		{FD356CB0-F741-4123-B2F7-E192550C7F90}.Release|Any CPU.ActiveCfg = Release|Any CPU
		{FD356CB0-F741-4123-B2F7-E192550C7F90}.Release|Any CPU.Build.0 = Release|Any CPU
	EndGlobalSection
	GlobalSection(SolutionProperties) = preSolution
		HideSolutionNode = FALSE
	EndGlobalSection
	GlobalSection(ExtensibilityGlobals) = postSolution
		SolutionGuid = {84E072D4-575C-4A7F-8715-97FDBABD5A3D}
	EndGlobalSection
EndGlobal
